
Microsoft Visual Studio Solution File, Format Version 12.00
# Visual Studio 15
VisualStudioVersion = 15.0.26403.7
MinimumVisualStudioVersion = 10.0.40219.1
Project("{8BC9CEB8-8B4A-11D0-8D11-00A0C91BC942}") = "QFileSystem", "QFileSystem\QFileSystem.vcxproj", "{EE85005E-FB3F-4CD8-9455-088AB83AD694}"
EndProject
Project("{8BC9CEB8-8B4A-11D0-8D11-00A0C91BC942}") = "ThreadsAsioTest", "ThreadsAsioTest\ThreadsAsioTest.vcxproj", "{3C3AA045-A3F7-433D-B0B3-246ECEC4C72F}"
EndProject
Project("{8BC9CEB8-8B4A-11D0-8D11-00A0C91BC942}") = "SendFiles", "SendFiles\SendFiles.vcxproj", "{B30E5399-B4E7-4366-84EB-E96948F26D41}"
EndProject
Project("{8BC9CEB8-8B4A-11D0-8D11-00A0C91BC942}") = "FileKeepClient", "FileKeepClient\FileKeepClient.vcxproj", "{51B82C1E-E1F2-46A9-B220-5837EEC1F41C}"
EndProject
Project("{8BC9CEB8-8B4A-11D0-8D11-00A0C91BC942}") = "ThridClient", "ThridClient\ThridClient.vcxproj", "{69687294-A7F4-45AC-8CF8-3DB29F7F5AA7}"
EndProject
Global
	GlobalSection(SolutionConfigurationPlatforms) = preSolution
		Debug|x64 = Debug|x64
		Debug|x86 = Debug|x86
		Release|x64 = Release|x64
		Release|x86 = Release|x86
	EndGlobalSection
	GlobalSection(ProjectConfigurationPlatforms) = postSolution
		{EE85005E-FB3F-4CD8-9455-088AB83AD694}.Debug|x64.ActiveCfg = Debug|x64
		{EE85005E-FB3F-4CD8-9455-088AB83AD694}.Debug|x64.Build.0 = Debug|x64
		{EE85005E-FB3F-4CD8-9455-088AB83AD694}.Debug|x86.ActiveCfg = Debug|Win32
		{EE85005E-FB3F-4CD8-9455-088AB83AD694}.Debug|x86.Build.0 = Debug|Win32
		{EE85005E-FB3F-4CD8-9455-088AB83AD694}.Release|x64.ActiveCfg = Release|x64
		{EE85005E-FB3F-4CD8-9455-088AB83AD694}.Release|x64.Build.0 = Release|x64
		{EE85005E-FB3F-4CD8-9455-088AB83AD694}.Release|x86.ActiveCfg = Release|Win32
		{EE85005E-FB3F-4CD8-9455-088AB83AD694}.Release|x86.Build.0 = Release|Win32
		{3C3AA045-A3F7-433D-B0B3-246ECEC4C72F}.Debug|x64.ActiveCfg = Debug|x64
		{3C3AA045-A3F7-433D-B0B3-246ECEC4C72F}.Debug|x64.Build.0 = Debug|x64
		{3C3AA045-A3F7-433D-B0B3-246ECEC4C72F}.Debug|x86.ActiveCfg = Debug|Win32
		{3C3AA045-A3F7-433D-B0B3-246ECEC4C72F}.Debug|x86.Build.0 = Debug|Win32
		{3C3AA045-A3F7-433D-B0B3-246ECEC4C72F}.Release|x64.ActiveCfg = Release|x64
		{3C3AA045-A3F7-433D-B0B3-246ECEC4C72F}.Release|x64.Build.0 = Release|x64
		{3C3AA045-A3F7-433D-B0B3-246ECEC4C72F}.Release|x86.ActiveCfg = Release|Win32
		{3C3AA045-A3F7-433D-B0B3-246ECEC4C72F}.Release|x86.Build.0 = Release|Win32
		{B30E5399-B4E7-4366-84EB-E96948F26D41}.Debug|x64.ActiveCfg = Debug|x64
		{B30E5399-B4E7-4366-84EB-E96948F26D41}.Debug|x64.Build.0 = Debug|x64
		{B30E5399-B4E7-4366-84EB-E96948F26D41}.Debug|x86.ActiveCfg = Debug|Win32
		{B30E5399-B4E7-4366-84EB-E96948F26D41}.Debug|x86.Build.0 = Debug|Win32
		{B30E5399-B4E7-4366-84EB-E96948F26D41}.Release|x64.ActiveCfg = Release|x64
		{B30E5399-B4E7-4366-84EB-E96948F26D41}.Release|x64.Build.0 = Release|x64
		{B30E5399-B4E7-4366-84EB-E96948F26D41}.Release|x86.ActiveCfg = Release|Win32
		{B30E5399-B4E7-4366-84EB-E96948F26D41}.Release|x86.Build.0 = Release|Win32
		{51B82C1E-E1F2-46A9-B220-5837EEC1F41C}.Debug|x64.ActiveCfg = Debug|x64
		{51B82C1E-E1F2-46A9-B220-5837EEC1F41C}.Debug|x64.Build.0 = Debug|x64
		{51B82C1E-E1F2-46A9-B220-5837EEC1F41C}.Debug|x86.ActiveCfg = Debug|Win32
		{51B82C1E-E1F2-46A9-B220-5837EEC1F41C}.Debug|x86.Build.0 = Debug|Win32
		{51B82C1E-E1F2-46A9-B220-5837EEC1F41C}.Release|x64.ActiveCfg = Release|x64
		{51B82C1E-E1F2-46A9-B220-5837EEC1F41C}.Release|x64.Build.0 = Release|x64
		{51B82C1E-E1F2-46A9-B220-5837EEC1F41C}.Release|x86.ActiveCfg = Release|Win32
		{51B82C1E-E1F2-46A9-B220-5837EEC1F41C}.Release|x86.Build.0 = Release|Win32
		{69687294-A7F4-45AC-8CF8-3DB29F7F5AA7}.Debug|x64.ActiveCfg = Debug|x64
		{69687294-A7F4-45AC-8CF8-3DB29F7F5AA7}.Debug|x64.Build.0 = Debug|x64
		{69687294-A7F4-45AC-8CF8-3DB29F7F5AA7}.Debug|x86.ActiveCfg = Debug|Win32
		{69687294-A7F4-45AC-8CF8-3DB29F7F5AA7}.Debug|x86.Build.0 = Debug|Win32
		{69687294-A7F4-45AC-8CF8-3DB29F7F5AA7}.Release|x64.ActiveCfg = Release|x64
		{69687294-A7F4-45AC-8CF8-3DB29F7F5AA7}.Release|x64.Build.0 = Release|x64
		{69687294-A7F4-45AC-8CF8-3DB29F7F5AA7}.Release|x86.ActiveCfg = Release|Win32
		{69687294-A7F4-45AC-8CF8-3DB29F7F5AA7}.Release|x86.Build.0 = Release|Win32
	EndGlobalSection
	GlobalSection(SolutionProperties) = preSolution
		HideSolutionNode = FALSE
	EndGlobalSection
EndGlobal
